// !$*UTF8*$!
{
	archiveVersion = 1;
	classes = {
	};
	objectVersion = 54;
	objects = {

/* Begin PBXFileReference section */
		2908ACB12724A8FB00C5E913 /*  */ = {isa = PBXFileReference; lastKnownFileType = folder; name = ""; sourceTree = "<group>"; };
		296A8B5C288DE1B70015C499 /* shoutout_main.xib */ = {isa = PBXFileReference; lastKnownFileType = file.xib; path = shoutout_main.xib; sourceTree = "<group>"; };
/* End PBXFileReference section */

/* Begin PBXGroup section */
		2985C3042724A80F001CFE7D = {
			isa = PBXGroup;
			children = (
				296A8B5C288DE1B70015C499 /* shoutout_main.xib */,
				2908ACB12724A8FB00C5E913 /*  */,
			);
			sourceTree = "<group>";
		};
/* End PBXGroup section */

/* Begin PBXProject section */
		2985C3052724A80F001CFE7D /* Project object */ = {
			isa = PBXProject;
			attributes = {
				LastUpgradeCheck = 1240;
			};
			buildConfigurationList = 2985C3082724A80F001CFE7D /* Build configuration list for PBXProject "Shoutout" */;
			compatibilityVersion = "Xcode 12.0";
			developmentRegion = en;
			hasScannedForEncodings = 0;
			knownRegions = (
				en,
				Base,
			);
			mainGroup = 2985C3042724A80F001CFE7D;
			projectDirPath = "";
			projectRoot = "";
			targets = (
			);
		};
/* End PBXProject section */

/* Begin XCBuildConfiguration section */
		2985C3092724A80F001CFE7D /* Debug */ = {
			isa = XCBuildConfiguration;
			buildSettings = {
			};
			name = Debug;
		};
		2985C30A2724A80F001CFE7D /* Release */ = {
			isa = XCBuildConfiguration;
			buildSettings = {
			};
			name = Release;
		};
/* End XCBuildConfiguration section */

/* Begin XCConfigurationList section */
		2985C3082724A80F001CFE7D /* Build configuration list for PBXProject "Shoutout" */ = {
			isa = XCConfigurationList;
			buildConfigurations = (
				2985C3092724A80F001CFE7D /* Debug */,
				2985C30A2724A80F001CFE7D /* Release */,
			);
			defaultConfigurationIsVisible = 0;
			defaultConfigurationName = Debug;
		};
/* End XCConfigurationList section */
	};
	rootObject = 2985C3052724A80F001CFE7D /* Project object */;
}
